# @generated by Move, please check-in and do not edit manually.

[move]
version = 3
manifest_digest = "9961AD88EEA366BA0D8485771501C9DE82AC211BD1C00FEAC85757F398B0C80B"
deps_digest = "3C4103934B1E040BB6B23F1D610B4EF9F2F1166A50A104EADCF77467C004C600"

dependencies = [
  { id = "Kiosk", name = "Kiosk" },
  { id = "Sui", name = "Sui" },
]

[[move.package]]
id = "Kiosk"
source = { git = "https://github.com/MystenLabs/apps.git", rev = "main", subdir = "kiosk" }

dependencies = [
  { id = "Sui", name = "Sui" },
]

[[move.package]]
id = "MoveStdlib"
source = { git = "https://github.com/MystenLabs/sui.git", rev = "framework/mainnet", subdir = "crates/sui-framework/packages/move-stdlib" }

[[move.package]]
id = "Sui"
source = { git = "https://github.com/MystenLabs/sui.git", rev = "framework/mainnet", subdir = "crates/sui-framework/packages/sui-framework" }

dependencies = [
  { id = "MoveStdlib", name = "MoveStdlib" },
]

[move.toolchain-version]
compiler-version = "1.50.1"
edition = "2024.beta"
flavor = "sui"

[env]

[env.mainnet]
chain-id = "35834a8a"
original-published-id = "0xcf66b9778a60826d0fbb8e03a08b7d432d46d264335aa62446212d5c050e88e0"
latest-published-id = "0xcf66b9778a60826d0fbb8e03a08b7d432d46d264335aa62446212d5c050e88e0"
published-version = "1"

[env.testnet]
chain-id = "4c78adac"
original-published-id = "0xae59a56d217e37563ae53d25c553b29ce639de51df5f02e8d787339944af9556"
latest-published-id = "0xae59a56d217e37563ae53d25c553b29ce639de51df5f02e8d787339944af9556"
published-version = "1"
